
Microsoft Visual Studio Solution File, Format Version 12.00
# Visual Studio Version 17
VisualStudioVersion = 17.6.33513.286
MinimumVisualStudioVersion = 10.0.40219.1
Project("{FAE04EC0-301F-11D3-BF4B-00C04F79EFBC}") = "CompanyEmployees", "CompanyEmployees\CompanyEmployees.csproj", "{CE298570-D515-4F18-92FB-E744E50EDCE5}"
EndProject
Project("{FAE04EC0-301F-11D3-BF4B-00C04F79EFBC}") = "Contracts", "Contracts\Contracts.csproj", "{5D411F5D-AB88-4E96-8A23-FC6D5793CE83}"
EndProject
Project("{FAE04EC0-301F-11D3-BF4B-00C04F79EFBC}") = "LoggerService", "LoggerService\LoggerService.csproj", "{46E65BE8-660A-453C-A060-AD3BA454303F}"
EndProject
Project("{FAE04EC0-301F-11D3-BF4B-00C04F79EFBC}") = "Entities", "Entities\Entities.csproj", "{6A877E6D-84CF-4DC4-9F3F-32A7DABE3A30}"
EndProject
Global
	GlobalSection(SolutionConfigurationPlatforms) = preSolution
		Debug|Any CPU = Debug|Any CPU
		Release|Any CPU = Release|Any CPU
	EndGlobalSection
	GlobalSection(ProjectConfigurationPlatforms) = postSolution
		{CE298570-D515-4F18-92FB-E744E50EDCE5}.Debug|Any CPU.ActiveCfg = Debug|Any CPU
		{CE298570-D515-4F18-92FB-E744E50EDCE5}.Debug|Any CPU.Build.0 = Debug|Any CPU
		{CE298570-D515-4F18-92FB-E744E50EDCE5}.Release|Any CPU.ActiveCfg = Release|Any CPU
		{CE298570-D515-4F18-92FB-E744E50EDCE5}.Release|Any CPU.Build.0 = Release|Any CPU
		{5D411F5D-AB88-4E96-8A23-FC6D5793CE83}.Debug|Any CPU.ActiveCfg = Debug|Any CPU
		{5D411F5D-AB88-4E96-8A23-FC6D5793CE83}.Debug|Any CPU.Build.0 = Debug|Any CPU
		{5D411F5D-AB88-4E96-8A23-FC6D5793CE83}.Release|Any CPU.ActiveCfg = Release|Any CPU
		{5D411F5D-AB88-4E96-8A23-FC6D5793CE83}.Release|Any CPU.Build.0 = Release|Any CPU
		{46E65BE8-660A-453C-A060-AD3BA454303F}.Debug|Any CPU.ActiveCfg = Debug|Any CPU
		{46E65BE8-660A-453C-A060-AD3BA454303F}.Debug|Any CPU.Build.0 = Debug|Any CPU
		{46E65BE8-660A-453C-A060-AD3BA454303F}.Release|Any CPU.ActiveCfg = Release|Any CPU
		{46E65BE8-660A-453C-A060-AD3BA454303F}.Release|Any CPU.Build.0 = Release|Any CPU
		{6A877E6D-84CF-4DC4-9F3F-32A7DABE3A30}.Debug|Any CPU.ActiveCfg = Debug|Any CPU
		{6A877E6D-84CF-4DC4-9F3F-32A7DABE3A30}.Debug|Any CPU.Build.0 = Debug|Any CPU
		{6A877E6D-84CF-4DC4-9F3F-32A7DABE3A30}.Release|Any CPU.ActiveCfg = Release|Any CPU
		{6A877E6D-84CF-4DC4-9F3F-32A7DABE3A30}.Release|Any CPU.Build.0 = Release|Any CPU
	EndGlobalSection
	GlobalSection(SolutionProperties) = preSolution
		HideSolutionNode = FALSE
	EndGlobalSection
	GlobalSection(ExtensibilityGlobals) = postSolution
		SolutionGuid = {B4DD70EB-2450-45B1-B3FA-1C00D42EECE4}
	EndGlobalSection
EndGlobal
